
Microsoft Visual Studio Solution File, Format Version 12.00
Project("{FAE04EC0-301F-11D3-BF4B-00C04F79EFBC}") = "OrganisationRegistryTools.VlimpersFlagImport", "OrganisationRegistryTools.VlimpersFlagImport\OrganisationRegistryTools.VlimpersFlagImport.csproj", "{8172BE05-AA91-4133-BDA6-8A1AC2B5BAF2}"
EndProject
Project("{FAE04EC0-301F-11D3-BF4B-00C04F79EFBC}") = "OrganisationRegistryTools.Import", "OrganisationRegistryTools.Import\OrganisationRegistryTools.Import.csproj", "{57FAA1AF-9D37-4D31-B23E-E74ED83ADFA7}"
EndProject
Project("{FAE04EC0-301F-11D3-BF4B-00C04F79EFBC}") = "OrganisationRegistryTools.OR-1017.VlimpersKeyImport", "OrganisationRegistryTools.OR-1017.VlimpersKeyImport\OrganisationRegistryTools.OR-1017.VlimpersKeyImport.csproj", "{7AA08CD8-C0E9-496D-BD30-ED2D28F69A47}"
EndProject
Project("{FAE04EC0-301F-11D3-BF4B-00C04F79EFBC}") = "OrganisationRegistryTools.OR-1018.OvoNumberActivation", "OrganisationRegistryTools.OR-1018.OvoNumberActivation\OrganisationRegistryTools.OR-1018.OvoNumberActivation.csproj", "{99E76D18-7A62-41B4-98B3-C8FE68B40F88}"
EndProject
Project("{FAE04EC0-301F-11D3-BF4B-00C04F79EFBC}") = "OrganisationRegistryTools.OR-1037.OvoNumberDeactivation", "OrganisationRegistryTools.OR-1037.OvoNumberDeactivation\OrganisationRegistryTools.OR-1037.OvoNumberDeactivation.csproj", "{637A3B45-A953-4C3E-B790-3ECE9679D4B2}"
EndProject
Global
	GlobalSection(SolutionConfigurationPlatforms) = preSolution
		Debug|Any CPU = Debug|Any CPU
		Release|Any CPU = Release|Any CPU
	EndGlobalSection
	GlobalSection(ProjectConfigurationPlatforms) = postSolution
		{8172BE05-AA91-4133-BDA6-8A1AC2B5BAF2}.Debug|Any CPU.ActiveCfg = Debug|Any CPU
		{8172BE05-AA91-4133-BDA6-8A1AC2B5BAF2}.Debug|Any CPU.Build.0 = Debug|Any CPU
		{8172BE05-AA91-4133-BDA6-8A1AC2B5BAF2}.Release|Any CPU.ActiveCfg = Release|Any CPU
		{8172BE05-AA91-4133-BDA6-8A1AC2B5BAF2}.Release|Any CPU.Build.0 = Release|Any CPU
		{57FAA1AF-9D37-4D31-B23E-E74ED83ADFA7}.Debug|Any CPU.ActiveCfg = Debug|Any CPU
		{57FAA1AF-9D37-4D31-B23E-E74ED83ADFA7}.Debug|Any CPU.Build.0 = Debug|Any CPU
		{57FAA1AF-9D37-4D31-B23E-E74ED83ADFA7}.Release|Any CPU.ActiveCfg = Release|Any CPU
		{57FAA1AF-9D37-4D31-B23E-E74ED83ADFA7}.Release|Any CPU.Build.0 = Release|Any CPU
		{7AA08CD8-C0E9-496D-BD30-ED2D28F69A47}.Debug|Any CPU.ActiveCfg = Debug|Any CPU
		{7AA08CD8-C0E9-496D-BD30-ED2D28F69A47}.Debug|Any CPU.Build.0 = Debug|Any CPU
		{7AA08CD8-C0E9-496D-BD30-ED2D28F69A47}.Release|Any CPU.ActiveCfg = Release|Any CPU
		{7AA08CD8-C0E9-496D-BD30-ED2D28F69A47}.Release|Any CPU.Build.0 = Release|Any CPU
		{99E76D18-7A62-41B4-98B3-C8FE68B40F88}.Debug|Any CPU.ActiveCfg = Debug|Any CPU
		{99E76D18-7A62-41B4-98B3-C8FE68B40F88}.Debug|Any CPU.Build.0 = Debug|Any CPU
		{99E76D18-7A62-41B4-98B3-C8FE68B40F88}.Release|Any CPU.ActiveCfg = Release|Any CPU
		{99E76D18-7A62-41B4-98B3-C8FE68B40F88}.Release|Any CPU.Build.0 = Release|Any CPU
		{637A3B45-A953-4C3E-B790-3ECE9679D4B2}.Debug|Any CPU.ActiveCfg = Debug|Any CPU
		{637A3B45-A953-4C3E-B790-3ECE9679D4B2}.Debug|Any CPU.Build.0 = Debug|Any CPU
		{637A3B45-A953-4C3E-B790-3ECE9679D4B2}.Release|Any CPU.ActiveCfg = Release|Any CPU
		{637A3B45-A953-4C3E-B790-3ECE9679D4B2}.Release|Any CPU.Build.0 = Release|Any CPU
	EndGlobalSection
EndGlobal
